{
  "version": "5",
  "redirects": {
    "https://unpkg.com/clusterize-lazy@0.1/dist/clusterize.esm.js": "https://unpkg.com/clusterize-lazy@0.1.0/dist/clusterize.esm.js"
  },
  "remote": {
    "https://unpkg.com/clusterize-lazy@0.1.0/dist/clusterize.esm.js": "9526006b7061c7f698166f18b264f9c1367468637b32cfe72457469e9ccfbb7b"
  },
  "workspace": {
    "packageJson": {
      "dependencies": [
        "npm:@types/jsdom@^21.1.7",
        "npm:esbuild@~0.23.1",
        "npm:jsdom@^26.1.0",
        "npm:vitest@^3.2.3"
      ]
    }
  }
}
